
Microsoft Visual Studio Solution File, Format Version 12.00
# Visual Studio Version 17
VisualStudioVersion = 17.3.32819.101
MinimumVisualStudioVersion = 10.0.40219.1
Project("{FAE04EC0-301F-11D3-BF4B-00C04F79EFBC}") = "SuperHero", "SuperHero\SuperHero.csproj", "{DB60CD01-D987-4CCE-9647-4821C161D889}"
EndProject
Global
	GlobalSection(SolutionConfigurationPlatforms) = preSolution
		Debug|Any CPU = Debug|Any CPU
		Release|Any CPU = Release|Any CPU
	EndGlobalSection
	GlobalSection(ProjectConfigurationPlatforms) = postSolution
		{DB60CD01-D987-4CCE-9647-4821C161D889}.Debug|Any CPU.ActiveCfg = Debug|Any CPU
		{DB60CD01-D987-4CCE-9647-4821C161D889}.Debug|Any CPU.Build.0 = Debug|Any CPU
		{DB60CD01-D987-4CCE-9647-4821C161D889}.Release|Any CPU.ActiveCfg = Release|Any CPU
		{DB60CD01-D987-4CCE-9647-4821C161D889}.Release|Any CPU.Build.0 = Release|Any CPU
	EndGlobalSection
	GlobalSection(SolutionProperties) = preSolution
		HideSolutionNode = FALSE
	EndGlobalSection
	GlobalSection(ExtensibilityGlobals) = postSolution
		SolutionGuid = {C9C06884-2417-461A-92F9-444142D659BD}
	EndGlobalSection
EndGlobal
